
Microsoft Visual Studio Solution File, Format Version 12.00
# Visual Studio Version 17
VisualStudioVersion = 17.8.34322.80
MinimumVisualStudioVersion = 10.0.40219.1
Project("{2150E333-8FDC-42A3-9474-1A3956D46DE8}") = "ShopManagement", "ShopManagement", "{F0DE6E93-3129-4C6B-BCC9-D0F3FDF68DBB}"
EndProject
Project("{2150E333-8FDC-42A3-9474-1A3956D46DE8}") = "SM.Domain", "SM.Domain", "{AB349F6C-F76C-443D-8D2D-2839C5C6EA0B}"
EndProject
Project("{9A19103F-16F7-4668-BE54-9A1E7A4F7556}") = "ShopManagement.Domain", "ShopManagement.Domain\ShopManagement.Domain.csproj", "{D2BF6E9B-101C-410D-A9B6-9067464D57C2}"
EndProject
Project("{9A19103F-16F7-4668-BE54-9A1E7A4F7556}") = "0_Framework", "0_Framework\0_Framework.csproj", "{111DABF5-3963-408A-8239-6872140D1D9F}"
EndProject
Project("{2150E333-8FDC-42A3-9474-1A3956D46DE8}") = "SM.Application", "SM.Application", "{96CF5243-CA1F-405B-A867-3C4DAC3F5CCA}"
EndProject
Project("{9A19103F-16F7-4668-BE54-9A1E7A4F7556}") = "ShopManagement.Application.Contracts", "ShopManagement.Application.Contracts\ShopManagement.Application.Contracts.csproj", "{48311E8D-7B0C-4231-9612-B080DE17E79F}"
EndProject
Project("{9A19103F-16F7-4668-BE54-9A1E7A4F7556}") = "ShopManagement.Application", "ShopManagement.Application\ShopManagement.Application.csproj", "{A30B12AF-30C6-4E73-9325-64DEE0177307}"
EndProject
Project("{2150E333-8FDC-42A3-9474-1A3956D46DE8}") = "SM.Infrastructure", "SM.Infrastructure", "{CDDD7B7A-6DB1-47AF-83CA-7D9B995E90F2}"
EndProject
Project("{9A19103F-16F7-4668-BE54-9A1E7A4F7556}") = "ShopManagement.Infrastructure.EFCore", "ShopManagement.Infrastructure.EFCore\ShopManagement.Infrastructure.EFCore.csproj", "{8E15E280-8A5B-481D-B012-A1CDED299376}"
EndProject
Project("{9A19103F-16F7-4668-BE54-9A1E7A4F7556}") = "ShopManagement.Configuration", "ShopManagement.Configuration\ShopManagement.Configuration.csproj", "{796A8534-F4DF-432D-B153-491A47B08C37}"
EndProject
Project("{9A19103F-16F7-4668-BE54-9A1E7A4F7556}") = "ServiceHost", "ServiceHost\ServiceHost.csproj", "{FF1D0EF7-785F-42C3-898D-8ED3860FF5F0}"
EndProject
Project("{9A19103F-16F7-4668-BE54-9A1E7A4F7556}") = "01_LampshadeQuery", "01_LampshadeQuery\01_LampshadeQuery.csproj", "{7BA130C7-B507-42B7-903B-D4903D2F3BA1}"
EndProject
Project("{2150E333-8FDC-42A3-9474-1A3956D46DE8}") = "DiscountManagement", "DiscountManagement", "{228A4621-45AD-4B02-B6B6-25D566FDE9B8}"
EndProject
Project("{2150E333-8FDC-42A3-9474-1A3956D46DE8}") = "DM.Domain", "DM.Domain", "{F41C26AB-18AE-4A48-80BD-C76CF1AE1760}"
EndProject
Project("{9A19103F-16F7-4668-BE54-9A1E7A4F7556}") = "DiscountManagement.Domain", "DiscountManagement.Domain\DiscountManagement.Domain.csproj", "{54D79428-AC52-4688-9BD7-0CF8F6146C78}"
EndProject
Project("{2150E333-8FDC-42A3-9474-1A3956D46DE8}") = "DM.Application", "DM.Application", "{FC30DE6F-F69A-4245-8629-B27D5478CEA5}"
EndProject
Project("{9A19103F-16F7-4668-BE54-9A1E7A4F7556}") = "DiscountManagement.Application.Contract", "DiscountManagement.Application.Contract\DiscountManagement.Application.Contract.csproj", "{7AE24359-2E63-4C4E-94E5-3970B233050A}"
EndProject
Project("{9A19103F-16F7-4668-BE54-9A1E7A4F7556}") = "DiscountManagement.Application", "DiscountManagement.Application\DiscountManagement.Application.csproj", "{E7928D80-4EA0-4EB2-A4AF-3E95C8D4E6CE}"
EndProject
Project("{2150E333-8FDC-42A3-9474-1A3956D46DE8}") = "DM.Infrastructure", "DM.Infrastructure", "{96FE8326-E2A3-4EE5-9C92-FFCC17D7352D}"
EndProject
Project("{9A19103F-16F7-4668-BE54-9A1E7A4F7556}") = "DiscountManagement.Infrastructure.EFCore", "DiscountManagement.Infrastructure.EFCore\DiscountManagement.Infrastructure.EFCore.csproj", "{22291AF8-805E-41FF-9260-69D2BCEABEDC}"
EndProject
Project("{9A19103F-16F7-4668-BE54-9A1E7A4F7556}") = "DiscountManagement.Configuration", "DiscountManagement.Configuration\DiscountManagement.Configuration.csproj", "{8A6C33C8-DD72-44A2-A724-7A35F27A8CFA}"
EndProject
Project("{2150E333-8FDC-42A3-9474-1A3956D46DE8}") = "InventoryManagement", "InventoryManagement", "{99391679-F7FD-461D-BA26-19B218C3E77A}"
EndProject
Project("{2150E333-8FDC-42A3-9474-1A3956D46DE8}") = "IM.Domain", "IM.Domain", "{FAEEE8A9-D458-4D3B-8DD9-858B9606E3CF}"
EndProject
Project("{2150E333-8FDC-42A3-9474-1A3956D46DE8}") = "IM.Application", "IM.Application", "{FC40C2CA-E579-4D95-8E8F-7E330EC17C95}"
EndProject
Project("{2150E333-8FDC-42A3-9474-1A3956D46DE8}") = "IM.Infrastructure", "IM.Infrastructure", "{4C5685F9-7968-4F3E-96C1-3660034FFD56}"
EndProject
Project("{FAE04EC0-301F-11D3-BF4B-00C04F79EFBC}") = "InventoryManagement.Domain", "InventoryManagement.Domain\InventoryManagement.Domain.csproj", "{6530D55E-BA16-4758-9523-A079ECC8A5DF}"
EndProject
Project("{FAE04EC0-301F-11D3-BF4B-00C04F79EFBC}") = "InventoryManagement.Application.Contract", "InventoryManagement.Application.Contract\InventoryManagement.Application.Contract.csproj", "{A87A9BB4-ED52-4685-B07F-BDB8D37588A6}"
EndProject
Project("{FAE04EC0-301F-11D3-BF4B-00C04F79EFBC}") = "InventoryManagement.Application", "InventoryManagement.Application\InventoryManagement.Application.csproj", "{D40A4A9C-1953-4225-BD5A-1BD46C2D84F3}"
EndProject
Project("{FAE04EC0-301F-11D3-BF4B-00C04F79EFBC}") = "InventoryManagement.Infrastructure.EFCore", "InventoryManagement.Infrastructure.EFCore\InventoryManagement.Infrastructure.EFCore.csproj", "{2BAED705-56AB-4D24-952E-7194BCF019EF}"
EndProject
Project("{FAE04EC0-301F-11D3-BF4B-00C04F79EFBC}") = "InventoryManagement.Infrastructure.Configuration", "InventoryManagement.Infrastructure.Configuration\InventoryManagement.Infrastructure.Configuration.csproj", "{C471A58D-A787-4A59-98A3-C72218D9635E}"
EndProject
Global
	GlobalSection(SolutionConfigurationPlatforms) = preSolution
		Debug|Any CPU = Debug|Any CPU
		Release|Any CPU = Release|Any CPU
	EndGlobalSection
	GlobalSection(ProjectConfigurationPlatforms) = postSolution
		{D2BF6E9B-101C-410D-A9B6-9067464D57C2}.Debug|Any CPU.ActiveCfg = Debug|Any CPU
		{D2BF6E9B-101C-410D-A9B6-9067464D57C2}.Debug|Any CPU.Build.0 = Debug|Any CPU
		{D2BF6E9B-101C-410D-A9B6-9067464D57C2}.Release|Any CPU.ActiveCfg = Release|Any CPU
		{D2BF6E9B-101C-410D-A9B6-9067464D57C2}.Release|Any CPU.Build.0 = Release|Any CPU
		{111DABF5-3963-408A-8239-6872140D1D9F}.Debug|Any CPU.ActiveCfg = Debug|Any CPU
		{111DABF5-3963-408A-8239-6872140D1D9F}.Debug|Any CPU.Build.0 = Debug|Any CPU
		{111DABF5-3963-408A-8239-6872140D1D9F}.Release|Any CPU.ActiveCfg = Release|Any CPU
		{111DABF5-3963-408A-8239-6872140D1D9F}.Release|Any CPU.Build.0 = Release|Any CPU
		{48311E8D-7B0C-4231-9612-B080DE17E79F}.Debug|Any CPU.ActiveCfg = Debug|Any CPU
		{48311E8D-7B0C-4231-9612-B080DE17E79F}.Debug|Any CPU.Build.0 = Debug|Any CPU
		{48311E8D-7B0C-4231-9612-B080DE17E79F}.Release|Any CPU.ActiveCfg = Release|Any CPU
		{48311E8D-7B0C-4231-9612-B080DE17E79F}.Release|Any CPU.Build.0 = Release|Any CPU
		{A30B12AF-30C6-4E73-9325-64DEE0177307}.Debug|Any CPU.ActiveCfg = Debug|Any CPU
		{A30B12AF-30C6-4E73-9325-64DEE0177307}.Debug|Any CPU.Build.0 = Debug|Any CPU
		{A30B12AF-30C6-4E73-9325-64DEE0177307}.Release|Any CPU.ActiveCfg = Release|Any CPU
		{A30B12AF-30C6-4E73-9325-64DEE0177307}.Release|Any CPU.Build.0 = Release|Any CPU
		{8E15E280-8A5B-481D-B012-A1CDED299376}.Debug|Any CPU.ActiveCfg = Debug|Any CPU
		{8E15E280-8A5B-481D-B012-A1CDED299376}.Debug|Any CPU.Build.0 = Debug|Any CPU
		{8E15E280-8A5B-481D-B012-A1CDED299376}.Release|Any CPU.ActiveCfg = Release|Any CPU
		{8E15E280-8A5B-481D-B012-A1CDED299376}.Release|Any CPU.Build.0 = Release|Any CPU
		{796A8534-F4DF-432D-B153-491A47B08C37}.Debug|Any CPU.ActiveCfg = Debug|Any CPU
		{796A8534-F4DF-432D-B153-491A47B08C37}.Debug|Any CPU.Build.0 = Debug|Any CPU
		{796A8534-F4DF-432D-B153-491A47B08C37}.Release|Any CPU.ActiveCfg = Release|Any CPU
		{796A8534-F4DF-432D-B153-491A47B08C37}.Release|Any CPU.Build.0 = Release|Any CPU
		{FF1D0EF7-785F-42C3-898D-8ED3860FF5F0}.Debug|Any CPU.ActiveCfg = Debug|Any CPU
		{FF1D0EF7-785F-42C3-898D-8ED3860FF5F0}.Debug|Any CPU.Build.0 = Debug|Any CPU
		{FF1D0EF7-785F-42C3-898D-8ED3860FF5F0}.Release|Any CPU.ActiveCfg = Release|Any CPU
		{FF1D0EF7-785F-42C3-898D-8ED3860FF5F0}.Release|Any CPU.Build.0 = Release|Any CPU
		{7BA130C7-B507-42B7-903B-D4903D2F3BA1}.Debug|Any CPU.ActiveCfg = Debug|Any CPU
		{7BA130C7-B507-42B7-903B-D4903D2F3BA1}.Debug|Any CPU.Build.0 = Debug|Any CPU
		{7BA130C7-B507-42B7-903B-D4903D2F3BA1}.Release|Any CPU.ActiveCfg = Release|Any CPU
		{7BA130C7-B507-42B7-903B-D4903D2F3BA1}.Release|Any CPU.Build.0 = Release|Any CPU
		{54D79428-AC52-4688-9BD7-0CF8F6146C78}.Debug|Any CPU.ActiveCfg = Debug|Any CPU
		{54D79428-AC52-4688-9BD7-0CF8F6146C78}.Debug|Any CPU.Build.0 = Debug|Any CPU
		{54D79428-AC52-4688-9BD7-0CF8F6146C78}.Release|Any CPU.ActiveCfg = Release|Any CPU
		{54D79428-AC52-4688-9BD7-0CF8F6146C78}.Release|Any CPU.Build.0 = Release|Any CPU
		{7AE24359-2E63-4C4E-94E5-3970B233050A}.Debug|Any CPU.ActiveCfg = Debug|Any CPU
		{7AE24359-2E63-4C4E-94E5-3970B233050A}.Debug|Any CPU.Build.0 = Debug|Any CPU
		{7AE24359-2E63-4C4E-94E5-3970B233050A}.Release|Any CPU.ActiveCfg = Release|Any CPU
		{7AE24359-2E63-4C4E-94E5-3970B233050A}.Release|Any CPU.Build.0 = Release|Any CPU
		{E7928D80-4EA0-4EB2-A4AF-3E95C8D4E6CE}.Debug|Any CPU.ActiveCfg = Debug|Any CPU
		{E7928D80-4EA0-4EB2-A4AF-3E95C8D4E6CE}.Debug|Any CPU.Build.0 = Debug|Any CPU
		{E7928D80-4EA0-4EB2-A4AF-3E95C8D4E6CE}.Release|Any CPU.ActiveCfg = Release|Any CPU
		{E7928D80-4EA0-4EB2-A4AF-3E95C8D4E6CE}.Release|Any CPU.Build.0 = Release|Any CPU
		{22291AF8-805E-41FF-9260-69D2BCEABEDC}.Debug|Any CPU.ActiveCfg = Debug|Any CPU
		{22291AF8-805E-41FF-9260-69D2BCEABEDC}.Debug|Any CPU.Build.0 = Debug|Any CPU
		{22291AF8-805E-41FF-9260-69D2BCEABEDC}.Release|Any CPU.ActiveCfg = Release|Any CPU
		{22291AF8-805E-41FF-9260-69D2BCEABEDC}.Release|Any CPU.Build.0 = Release|Any CPU
		{8A6C33C8-DD72-44A2-A724-7A35F27A8CFA}.Debug|Any CPU.ActiveCfg = Debug|Any CPU
		{8A6C33C8-DD72-44A2-A724-7A35F27A8CFA}.Debug|Any CPU.Build.0 = Debug|Any CPU
		{8A6C33C8-DD72-44A2-A724-7A35F27A8CFA}.Release|Any CPU.ActiveCfg = Release|Any CPU
		{8A6C33C8-DD72-44A2-A724-7A35F27A8CFA}.Release|Any CPU.Build.0 = Release|Any CPU
		{6530D55E-BA16-4758-9523-A079ECC8A5DF}.Debug|Any CPU.ActiveCfg = Debug|Any CPU
		{6530D55E-BA16-4758-9523-A079ECC8A5DF}.Debug|Any CPU.Build.0 = Debug|Any CPU
		{6530D55E-BA16-4758-9523-A079ECC8A5DF}.Release|Any CPU.ActiveCfg = Release|Any CPU
		{6530D55E-BA16-4758-9523-A079ECC8A5DF}.Release|Any CPU.Build.0 = Release|Any CPU
		{A87A9BB4-ED52-4685-B07F-BDB8D37588A6}.Debug|Any CPU.ActiveCfg = Debug|Any CPU
		{A87A9BB4-ED52-4685-B07F-BDB8D37588A6}.Debug|Any CPU.Build.0 = Debug|Any CPU
		{A87A9BB4-ED52-4685-B07F-BDB8D37588A6}.Release|Any CPU.ActiveCfg = Release|Any CPU
		{A87A9BB4-ED52-4685-B07F-BDB8D37588A6}.Release|Any CPU.Build.0 = Release|Any CPU
		{D40A4A9C-1953-4225-BD5A-1BD46C2D84F3}.Debug|Any CPU.ActiveCfg = Debug|Any CPU
		{D40A4A9C-1953-4225-BD5A-1BD46C2D84F3}.Debug|Any CPU.Build.0 = Debug|Any CPU
		{D40A4A9C-1953-4225-BD5A-1BD46C2D84F3}.Release|Any CPU.ActiveCfg = Release|Any CPU
		{D40A4A9C-1953-4225-BD5A-1BD46C2D84F3}.Release|Any CPU.Build.0 = Release|Any CPU
		{2BAED705-56AB-4D24-952E-7194BCF019EF}.Debug|Any CPU.ActiveCfg = Debug|Any CPU
		{2BAED705-56AB-4D24-952E-7194BCF019EF}.Debug|Any CPU.Build.0 = Debug|Any CPU
		{2BAED705-56AB-4D24-952E-7194BCF019EF}.Release|Any CPU.ActiveCfg = Release|Any CPU
		{2BAED705-56AB-4D24-952E-7194BCF019EF}.Release|Any CPU.Build.0 = Release|Any CPU
		{C471A58D-A787-4A59-98A3-C72218D9635E}.Debug|Any CPU.ActiveCfg = Debug|Any CPU
		{C471A58D-A787-4A59-98A3-C72218D9635E}.Debug|Any CPU.Build.0 = Debug|Any CPU
		{C471A58D-A787-4A59-98A3-C72218D9635E}.Release|Any CPU.ActiveCfg = Release|Any CPU
		{C471A58D-A787-4A59-98A3-C72218D9635E}.Release|Any CPU.Build.0 = Release|Any CPU
	EndGlobalSection
	GlobalSection(SolutionProperties) = preSolution
		HideSolutionNode = FALSE
	EndGlobalSection
	GlobalSection(NestedProjects) = preSolution
		{AB349F6C-F76C-443D-8D2D-2839C5C6EA0B} = {F0DE6E93-3129-4C6B-BCC9-D0F3FDF68DBB}
		{D2BF6E9B-101C-410D-A9B6-9067464D57C2} = {AB349F6C-F76C-443D-8D2D-2839C5C6EA0B}
		{96CF5243-CA1F-405B-A867-3C4DAC3F5CCA} = {F0DE6E93-3129-4C6B-BCC9-D0F3FDF68DBB}
		{48311E8D-7B0C-4231-9612-B080DE17E79F} = {96CF5243-CA1F-405B-A867-3C4DAC3F5CCA}
		{A30B12AF-30C6-4E73-9325-64DEE0177307} = {96CF5243-CA1F-405B-A867-3C4DAC3F5CCA}
		{CDDD7B7A-6DB1-47AF-83CA-7D9B995E90F2} = {F0DE6E93-3129-4C6B-BCC9-D0F3FDF68DBB}
		{8E15E280-8A5B-481D-B012-A1CDED299376} = {CDDD7B7A-6DB1-47AF-83CA-7D9B995E90F2}
		{796A8534-F4DF-432D-B153-491A47B08C37} = {CDDD7B7A-6DB1-47AF-83CA-7D9B995E90F2}
		{F41C26AB-18AE-4A48-80BD-C76CF1AE1760} = {228A4621-45AD-4B02-B6B6-25D566FDE9B8}
		{54D79428-AC52-4688-9BD7-0CF8F6146C78} = {F41C26AB-18AE-4A48-80BD-C76CF1AE1760}
		{FC30DE6F-F69A-4245-8629-B27D5478CEA5} = {228A4621-45AD-4B02-B6B6-25D566FDE9B8}
		{7AE24359-2E63-4C4E-94E5-3970B233050A} = {FC30DE6F-F69A-4245-8629-B27D5478CEA5}
		{E7928D80-4EA0-4EB2-A4AF-3E95C8D4E6CE} = {FC30DE6F-F69A-4245-8629-B27D5478CEA5}
		{96FE8326-E2A3-4EE5-9C92-FFCC17D7352D} = {228A4621-45AD-4B02-B6B6-25D566FDE9B8}
		{22291AF8-805E-41FF-9260-69D2BCEABEDC} = {96FE8326-E2A3-4EE5-9C92-FFCC17D7352D}
		{8A6C33C8-DD72-44A2-A724-7A35F27A8CFA} = {96FE8326-E2A3-4EE5-9C92-FFCC17D7352D}
		{FAEEE8A9-D458-4D3B-8DD9-858B9606E3CF} = {99391679-F7FD-461D-BA26-19B218C3E77A}
		{FC40C2CA-E579-4D95-8E8F-7E330EC17C95} = {99391679-F7FD-461D-BA26-19B218C3E77A}
		{4C5685F9-7968-4F3E-96C1-3660034FFD56} = {99391679-F7FD-461D-BA26-19B218C3E77A}
		{6530D55E-BA16-4758-9523-A079ECC8A5DF} = {FAEEE8A9-D458-4D3B-8DD9-858B9606E3CF}
		{A87A9BB4-ED52-4685-B07F-BDB8D37588A6} = {FC40C2CA-E579-4D95-8E8F-7E330EC17C95}
		{D40A4A9C-1953-4225-BD5A-1BD46C2D84F3} = {FC40C2CA-E579-4D95-8E8F-7E330EC17C95}
		{2BAED705-56AB-4D24-952E-7194BCF019EF} = {4C5685F9-7968-4F3E-96C1-3660034FFD56}
		{C471A58D-A787-4A59-98A3-C72218D9635E} = {4C5685F9-7968-4F3E-96C1-3660034FFD56}
	EndGlobalSection
	GlobalSection(ExtensibilityGlobals) = postSolution
		SolutionGuid = {48793E1D-C1A8-4CA9-AF71-12E9F9858989}
	EndGlobalSection
EndGlobal
